
Microsoft Visual Studio Solution File, Format Version 12.00
# Visual Studio 15
VisualStudioVersion = 15.0.28307.1300
MinimumVisualStudioVersion = 10.0.40219.1
Project("{FAE04EC0-301F-11D3-BF4B-00C04F79EFBC}") = "web-cl-famydoc", "web-cl-famydoc\web-cl-famydoc.csproj", "{4D172F08-D638-4F07-A169-D54B5FE1236D}"
EndProject
Project("{FAE04EC0-301F-11D3-BF4B-00C04F79EFBC}") = "PERSISTENCIA", "PERSISTENCIA\PERSISTENCIA.csproj", "{C19A443C-EC37-43E5-BD25-EFEFCEF340B8}"
EndProject
Project("{FAE04EC0-301F-11D3-BF4B-00C04F79EFBC}") = "NEGOCIO", "NEGOCIO\NEGOCIO.csproj", "{B11A66FB-D42F-4FCC-8061-1F5B25476404}"
EndProject
Project("{FAE04EC0-301F-11D3-BF4B-00C04F79EFBC}") = "ENTIDAD", "ENTIDAD\ENTIDAD.csproj", "{7A233AAA-544B-45EC-A195-7D29795B4BF7}"
EndProject
Project("{FAE04EC0-301F-11D3-BF4B-00C04F79EFBC}") = "Famydoc.Utils", "Famydoc.Utils\Famydoc.Utils.csproj", "{7CF496CE-FA38-451E-949E-F23B73965BD2}"
EndProject
Global
	GlobalSection(SolutionConfigurationPlatforms) = preSolution
		Debug|Any CPU = Debug|Any CPU
		Release|Any CPU = Release|Any CPU
	EndGlobalSection
	GlobalSection(ProjectConfigurationPlatforms) = postSolution
		{4D172F08-D638-4F07-A169-D54B5FE1236D}.Debug|Any CPU.ActiveCfg = Debug|Any CPU
		{4D172F08-D638-4F07-A169-D54B5FE1236D}.Debug|Any CPU.Build.0 = Debug|Any CPU
		{4D172F08-D638-4F07-A169-D54B5FE1236D}.Release|Any CPU.ActiveCfg = Release|Any CPU
		{4D172F08-D638-4F07-A169-D54B5FE1236D}.Release|Any CPU.Build.0 = Release|Any CPU
		{C19A443C-EC37-43E5-BD25-EFEFCEF340B8}.Debug|Any CPU.ActiveCfg = Debug|Any CPU
		{C19A443C-EC37-43E5-BD25-EFEFCEF340B8}.Debug|Any CPU.Build.0 = Debug|Any CPU
		{C19A443C-EC37-43E5-BD25-EFEFCEF340B8}.Release|Any CPU.ActiveCfg = Release|Any CPU
		{C19A443C-EC37-43E5-BD25-EFEFCEF340B8}.Release|Any CPU.Build.0 = Release|Any CPU
		{B11A66FB-D42F-4FCC-8061-1F5B25476404}.Debug|Any CPU.ActiveCfg = Debug|Any CPU
		{B11A66FB-D42F-4FCC-8061-1F5B25476404}.Debug|Any CPU.Build.0 = Debug|Any CPU
		{B11A66FB-D42F-4FCC-8061-1F5B25476404}.Release|Any CPU.ActiveCfg = Release|Any CPU
		{B11A66FB-D42F-4FCC-8061-1F5B25476404}.Release|Any CPU.Build.0 = Release|Any CPU
		{7A233AAA-544B-45EC-A195-7D29795B4BF7}.Debug|Any CPU.ActiveCfg = Debug|Any CPU
		{7A233AAA-544B-45EC-A195-7D29795B4BF7}.Debug|Any CPU.Build.0 = Debug|Any CPU
		{7A233AAA-544B-45EC-A195-7D29795B4BF7}.Release|Any CPU.ActiveCfg = Release|Any CPU
		{7A233AAA-544B-45EC-A195-7D29795B4BF7}.Release|Any CPU.Build.0 = Release|Any CPU
		{7CF496CE-FA38-451E-949E-F23B73965BD2}.Debug|Any CPU.ActiveCfg = Debug|Any CPU
		{7CF496CE-FA38-451E-949E-F23B73965BD2}.Debug|Any CPU.Build.0 = Debug|Any CPU
		{7CF496CE-FA38-451E-949E-F23B73965BD2}.Release|Any CPU.ActiveCfg = Release|Any CPU
		{7CF496CE-FA38-451E-949E-F23B73965BD2}.Release|Any CPU.Build.0 = Release|Any CPU
	EndGlobalSection
	GlobalSection(SolutionProperties) = preSolution
		HideSolutionNode = FALSE
	EndGlobalSection
	GlobalSection(ExtensibilityGlobals) = postSolution
		SolutionGuid = {D1E286B4-4596-4DEC-91DD-A4FC49EA9043}
	EndGlobalSection
EndGlobal
